// !$*UTF8*$!
{
	archiveVersion = 1;
	classes = {
	};
	objectVersion = 46;
	objects = {

/* Begin PBXBuildFile section */
		B500A1561AD5B80A00F3C267 /* RRBTransferManager.h in Headers */ = {isa = PBXBuildFile; fileRef = B500A1551AD5B80A00F3C267 /* RRBTransferManager.h */; settings = {ATTRIBUTES = (Public, ); }; };
		B500A15C1AD5B80B00F3C267 /* RRBTransferManager.framework in Frameworks */ = {isa = PBXBuildFile; fileRef = B500A1501AD5B80A00F3C267 /* RRBTransferManager.framework */; };
		B500A1631AD5B80B00F3C267 /* RRBTransferManagerTests.swift in Sources */ = {isa = PBXBuildFile; fileRef = B500A1621AD5B80B00F3C267 /* RRBTransferManagerTests.swift */; };
		B500A1751AD5B83A00F3C267 /* AppDelegate.swift in Sources */ = {isa = PBXBuildFile; fileRef = B500A1741AD5B83A00F3C267 /* AppDelegate.swift */; };
		B500A1771AD5B83A00F3C267 /* ViewController.swift in Sources */ = {isa = PBXBuildFile; fileRef = B500A1761AD5B83A00F3C267 /* ViewController.swift */; };
		B500A17A1AD5B83A00F3C267 /* Main.storyboard in Resources */ = {isa = PBXBuildFile; fileRef = B500A1781AD5B83A00F3C267 /* Main.storyboard */; };
		B500A17C1AD5B83A00F3C267 /* Images.xcassets in Resources */ = {isa = PBXBuildFile; fileRef = B500A17B1AD5B83A00F3C267 /* Images.xcassets */; };
		B500A17F1AD5B83A00F3C267 /* LaunchScreen.xib in Resources */ = {isa = PBXBuildFile; fileRef = B500A17D1AD5B83A00F3C267 /* LaunchScreen.xib */; };
		B500A19C1AD5B94B00F3C267 /* TMCache.h in Headers */ = {isa = PBXBuildFile; fileRef = B500A1961AD5B94B00F3C267 /* TMCache.h */; settings = {ATTRIBUTES = (Public, ); }; };
		B500A19D1AD5B94B00F3C267 /* TMCache.m in Sources */ = {isa = PBXBuildFile; fileRef = B500A1971AD5B94B00F3C267 /* TMCache.m */; };
		B500A19E1AD5B94B00F3C267 /* TMCache.m in Sources */ = {isa = PBXBuildFile; fileRef = B500A1971AD5B94B00F3C267 /* TMCache.m */; };
		B500A19F1AD5B94B00F3C267 /* TMDiskCache.h in Headers */ = {isa = PBXBuildFile; fileRef = B500A1981AD5B94B00F3C267 /* TMDiskCache.h */; settings = {ATTRIBUTES = (Public, ); }; };
		B500A1A01AD5B94B00F3C267 /* TMDiskCache.m in Sources */ = {isa = PBXBuildFile; fileRef = B500A1991AD5B94B00F3C267 /* TMDiskCache.m */; };
		B500A1A11AD5B94B00F3C267 /* TMDiskCache.m in Sources */ = {isa = PBXBuildFile; fileRef = B500A1991AD5B94B00F3C267 /* TMDiskCache.m */; };
		B500A1A21AD5B94B00F3C267 /* TMMemoryCache.h in Headers */ = {isa = PBXBuildFile; fileRef = B500A19A1AD5B94B00F3C267 /* TMMemoryCache.h */; settings = {ATTRIBUTES = (Public, ); }; };
		B500A1A31AD5B94B00F3C267 /* TMMemoryCache.m in Sources */ = {isa = PBXBuildFile; fileRef = B500A19B1AD5B94B00F3C267 /* TMMemoryCache.m */; };
		B500A1A41AD5B94B00F3C267 /* TMMemoryCache.m in Sources */ = {isa = PBXBuildFile; fileRef = B500A19B1AD5B94B00F3C267 /* TMMemoryCache.m */; };
		B500A1A61AD5B97000F3C267 /* RRBTransferManager.swift in Sources */ = {isa = PBXBuildFile; fileRef = B500A1A51AD5B97000F3C267 /* RRBTransferManager.swift */; };
		B500A1A71AD5B97000F3C267 /* RRBTransferManager.swift in Sources */ = {isa = PBXBuildFile; fileRef = B500A1A51AD5B97000F3C267 /* RRBTransferManager.swift */; };
		B500A1AC1AD5BAA700F3C267 /* RRBTransferManager.framework in CopyFiles */ = {isa = PBXBuildFile; fileRef = B500A1501AD5B80A00F3C267 /* RRBTransferManager.framework */; settings = {ATTRIBUTES = (CodeSignOnCopy, RemoveHeadersOnCopy, ); }; };
/* End PBXBuildFile section */

/* Begin PBXContainerItemProxy section */
		B500A15D1AD5B80B00F3C267 /* PBXContainerItemProxy */ = {
			isa = PBXContainerItemProxy;
			containerPortal = B500A1471AD5B80A00F3C267 /* Project object */;
			proxyType = 1;
			remoteGlobalIDString = B500A14F1AD5B80A00F3C267;
			remoteInfo = RRBTransferManager;
		};
		B500A1921AD5B84300F3C267 /* PBXContainerItemProxy */ = {
			isa = PBXContainerItemProxy;
			containerPortal = B500A1471AD5B80A00F3C267 /* Project object */;
			proxyType = 1;
			remoteGlobalIDString = B500A16F1AD5B83A00F3C267;
			remoteInfo = "Test iOS App";
		};
		B500A1A81AD5BA8C00F3C267 /* PBXContainerItemProxy */ = {
			isa = PBXContainerItemProxy;
			containerPortal = B500A1471AD5B80A00F3C267 /* Project object */;
			proxyType = 1;
			remoteGlobalIDString = B500A14F1AD5B80A00F3C267;
			remoteInfo = RRBTransferManager;
		};
/* End PBXContainerItemProxy section */

/* Begin PBXCopyFilesBuildPhase section */
		B500A1AB1AD5BA9A00F3C267 /* CopyFiles */ = {
			isa = PBXCopyFilesBuildPhase;
			buildActionMask = 12;
			dstPath = "";
			dstSubfolderSpec = 10;
			files = (
				B500A1AC1AD5BAA700F3C267 /* RRBTransferManager.framework in CopyFiles */,
			);
			runOnlyForDeploymentPostprocessing = 0;
		};
/* End PBXCopyFilesBuildPhase section */

/* Begin PBXFileReference section */
		B500A1501AD5B80A00F3C267 /* RRBTransferManager.framework */ = {isa = PBXFileReference; explicitFileType = wrapper.framework; includeInIndex = 0; path = RRBTransferManager.framework; sourceTree = BUILT_PRODUCTS_DIR; };
		B500A1541AD5B80A00F3C267 /* Info.plist */ = {isa = PBXFileReference; lastKnownFileType = text.plist.xml; path = Info.plist; sourceTree = "<group>"; };
		B500A1551AD5B80A00F3C267 /* RRBTransferManager.h */ = {isa = PBXFileReference; lastKnownFileType = sourcecode.c.h; path = RRBTransferManager.h; sourceTree = "<group>"; };
		B500A15B1AD5B80B00F3C267 /* RRBTransferManagerTests.xctest */ = {isa = PBXFileReference; explicitFileType = wrapper.cfbundle; includeInIndex = 0; path = RRBTransferManagerTests.xctest; sourceTree = BUILT_PRODUCTS_DIR; };
		B500A1611AD5B80B00F3C267 /* Info.plist */ = {isa = PBXFileReference; lastKnownFileType = text.plist.xml; path = Info.plist; sourceTree = "<group>"; };
		B500A1621AD5B80B00F3C267 /* RRBTransferManagerTests.swift */ = {isa = PBXFileReference; lastKnownFileType = sourcecode.swift; path = RRBTransferManagerTests.swift; sourceTree = "<group>"; };
		B500A1701AD5B83A00F3C267 /* Test iOS App.app */ = {isa = PBXFileReference; explicitFileType = wrapper.application; includeInIndex = 0; path = "Test iOS App.app"; sourceTree = BUILT_PRODUCTS_DIR; };
		B500A1731AD5B83A00F3C267 /* Info.plist */ = {isa = PBXFileReference; lastKnownFileType = text.plist.xml; path = Info.plist; sourceTree = "<group>"; };
		B500A1741AD5B83A00F3C267 /* AppDelegate.swift */ = {isa = PBXFileReference; lastKnownFileType = sourcecode.swift; path = AppDelegate.swift; sourceTree = "<group>"; };
		B500A1761AD5B83A00F3C267 /* ViewController.swift */ = {isa = PBXFileReference; lastKnownFileType = sourcecode.swift; path = ViewController.swift; sourceTree = "<group>"; };
		B500A1791AD5B83A00F3C267 /* Base */ = {isa = PBXFileReference; lastKnownFileType = file.storyboard; name = Base; path = Base.lproj/Main.storyboard; sourceTree = "<group>"; };
		B500A17B1AD5B83A00F3C267 /* Images.xcassets */ = {isa = PBXFileReference; lastKnownFileType = folder.assetcatalog; path = Images.xcassets; sourceTree = "<group>"; };
		B500A17E1AD5B83A00F3C267 /* Base */ = {isa = PBXFileReference; lastKnownFileType = file.xib; name = Base; path = Base.lproj/LaunchScreen.xib; sourceTree = "<group>"; };
		B500A1961AD5B94B00F3C267 /* TMCache.h */ = {isa = PBXFileReference; fileEncoding = 4; lastKnownFileType = sourcecode.c.h; path = TMCache.h; sourceTree = "<group>"; };
		B500A1971AD5B94B00F3C267 /* TMCache.m */ = {isa = PBXFileReference; fileEncoding = 4; lastKnownFileType = sourcecode.c.objc; path = TMCache.m; sourceTree = "<group>"; };
		B500A1981AD5B94B00F3C267 /* TMDiskCache.h */ = {isa = PBXFileReference; fileEncoding = 4; lastKnownFileType = sourcecode.c.h; path = TMDiskCache.h; sourceTree = "<group>"; };
		B500A1991AD5B94B00F3C267 /* TMDiskCache.m */ = {isa = PBXFileReference; fileEncoding = 4; lastKnownFileType = sourcecode.c.objc; path = TMDiskCache.m; sourceTree = "<group>"; };
		B500A19A1AD5B94B00F3C267 /* TMMemoryCache.h */ = {isa = PBXFileReference; fileEncoding = 4; lastKnownFileType = sourcecode.c.h; path = TMMemoryCache.h; sourceTree = "<group>"; };
		B500A19B1AD5B94B00F3C267 /* TMMemoryCache.m */ = {isa = PBXFileReference; fileEncoding = 4; lastKnownFileType = sourcecode.c.objc; path = TMMemoryCache.m; sourceTree = "<group>"; };
		B500A1A51AD5B97000F3C267 /* RRBTransferManager.swift */ = {isa = PBXFileReference; fileEncoding = 4; lastKnownFileType = sourcecode.swift; path = RRBTransferManager.swift; sourceTree = "<group>"; };
/* End PBXFileReference section */

/* Begin PBXFrameworksBuildPhase section */
		B500A14C1AD5B80A00F3C267 /* Frameworks */ = {
			isa = PBXFrameworksBuildPhase;
			buildActionMask = 2147483647;
			files = (
			);
			runOnlyForDeploymentPostprocessing = 0;
		};
		B500A1581AD5B80B00F3C267 /* Frameworks */ = {
			isa = PBXFrameworksBuildPhase;
			buildActionMask = 2147483647;
			files = (
				B500A15C1AD5B80B00F3C267 /* RRBTransferManager.framework in Frameworks */,
			);
			runOnlyForDeploymentPostprocessing = 0;
		};
		B500A16D1AD5B83A00F3C267 /* Frameworks */ = {
			isa = PBXFrameworksBuildPhase;
			buildActionMask = 2147483647;
			files = (
			);
			runOnlyForDeploymentPostprocessing = 0;
		};
/* End PBXFrameworksBuildPhase section */

/* Begin PBXGroup section */
		B500A1461AD5B80A00F3C267 = {
			isa = PBXGroup;
			children = (
				B500A1941AD5B90200F3C267 /* libs */,
				B500A1521AD5B80A00F3C267 /* RRBTransferManager */,
				B500A15F1AD5B80B00F3C267 /* RRBTransferManagerTests */,
				B500A1711AD5B83A00F3C267 /* Test iOS App */,
				B500A1511AD5B80A00F3C267 /* Products */,
			);
			sourceTree = "<group>";
		};
		B500A1511AD5B80A00F3C267 /* Products */ = {
			isa = PBXGroup;
			children = (
				B500A1501AD5B80A00F3C267 /* RRBTransferManager.framework */,
				B500A15B1AD5B80B00F3C267 /* RRBTransferManagerTests.xctest */,
				B500A1701AD5B83A00F3C267 /* Test iOS App.app */,
			);
			name = Products;
			sourceTree = "<group>";
		};
		B500A1521AD5B80A00F3C267 /* RRBTransferManager */ = {
			isa = PBXGroup;
			children = (
				B500A1551AD5B80A00F3C267 /* RRBTransferManager.h */,
				B500A1531AD5B80A00F3C267 /* Supporting Files */,
				B500A1A51AD5B97000F3C267 /* RRBTransferManager.swift */,
			);
			path = RRBTransferManager;
			sourceTree = "<group>";
		};
		B500A1531AD5B80A00F3C267 /* Supporting Files */ = {
			isa = PBXGroup;
			children = (
				B500A1541AD5B80A00F3C267 /* Info.plist */,
			);
			name = "Supporting Files";
			sourceTree = "<group>";
		};
		B500A15F1AD5B80B00F3C267 /* RRBTransferManagerTests */ = {
			isa = PBXGroup;
			children = (
				B500A1621AD5B80B00F3C267 /* RRBTransferManagerTests.swift */,
				B500A1601AD5B80B00F3C267 /* Supporting Files */,
			);
			path = RRBTransferManagerTests;
			sourceTree = "<group>";
		};
		B500A1601AD5B80B00F3C267 /* Supporting Files */ = {
			isa = PBXGroup;
			children = (
				B500A1611AD5B80B00F3C267 /* Info.plist */,
			);
			name = "Supporting Files";
			sourceTree = "<group>";
		};
		B500A1711AD5B83A00F3C267 /* Test iOS App */ = {
			isa = PBXGroup;
			children = (
				B500A1741AD5B83A00F3C267 /* AppDelegate.swift */,
				B500A1761AD5B83A00F3C267 /* ViewController.swift */,
				B500A1781AD5B83A00F3C267 /* Main.storyboard */,
				B500A17B1AD5B83A00F3C267 /* Images.xcassets */,
				B500A17D1AD5B83A00F3C267 /* LaunchScreen.xib */,
				B500A1721AD5B83A00F3C267 /* Supporting Files */,
			);
			path = "Test iOS App";
			sourceTree = "<group>";
		};
		B500A1721AD5B83A00F3C267 /* Supporting Files */ = {
			isa = PBXGroup;
			children = (
				B500A1731AD5B83A00F3C267 /* Info.plist */,
			);
			name = "Supporting Files";
			sourceTree = "<group>";
		};
		B500A1941AD5B90200F3C267 /* libs */ = {
			isa = PBXGroup;
			children = (
				B500A1951AD5B94B00F3C267 /* TMCache */,
			);
			name = libs;
			sourceTree = "<group>";
		};
		B500A1951AD5B94B00F3C267 /* TMCache */ = {
			isa = PBXGroup;
			children = (
				B500A1961AD5B94B00F3C267 /* TMCache.h */,
				B500A1971AD5B94B00F3C267 /* TMCache.m */,
				B500A1981AD5B94B00F3C267 /* TMDiskCache.h */,
				B500A1991AD5B94B00F3C267 /* TMDiskCache.m */,
				B500A19A1AD5B94B00F3C267 /* TMMemoryCache.h */,
				B500A19B1AD5B94B00F3C267 /* TMMemoryCache.m */,
			);
			path = TMCache;
			sourceTree = "<group>";
		};
/* End PBXGroup section */

/* Begin PBXHeadersBuildPhase section */
		B500A14D1AD5B80A00F3C267 /* Headers */ = {
			isa = PBXHeadersBuildPhase;
			buildActionMask = 2147483647;
			files = (
				B500A19C1AD5B94B00F3C267 /* TMCache.h in Headers */,
				B500A1561AD5B80A00F3C267 /* RRBTransferManager.h in Headers */,
				B500A19F1AD5B94B00F3C267 /* TMDiskCache.h in Headers */,
				B500A1A21AD5B94B00F3C267 /* TMMemoryCache.h in Headers */,
			);
			runOnlyForDeploymentPostprocessing = 0;
		};
/* End PBXHeadersBuildPhase section */

/* Begin PBXNativeTarget section */
		B500A14F1AD5B80A00F3C267 /* RRBTransferManager */ = {
			isa = PBXNativeTarget;
			buildConfigurationList = B500A1661AD5B80B00F3C267 /* Build configuration list for PBXNativeTarget "RRBTransferManager" */;
			buildPhases = (
				B500A14B1AD5B80A00F3C267 /* Sources */,
				B500A14C1AD5B80A00F3C267 /* Frameworks */,
				B500A14D1AD5B80A00F3C267 /* Headers */,
				B500A14E1AD5B80A00F3C267 /* Resources */,
			);
			buildRules = (
			);
			dependencies = (
			);
			name = RRBTransferManager;
			productName = RRBTransferManager;
			productReference = B500A1501AD5B80A00F3C267 /* RRBTransferManager.framework */;
			productType = "com.apple.product-type.framework";
		};
		B500A15A1AD5B80B00F3C267 /* RRBTransferManagerTests */ = {
			isa = PBXNativeTarget;
			buildConfigurationList = B500A1691AD5B80B00F3C267 /* Build configuration list for PBXNativeTarget "RRBTransferManagerTests" */;
			buildPhases = (
				B500A1571AD5B80B00F3C267 /* Sources */,
				B500A1581AD5B80B00F3C267 /* Frameworks */,
				B500A1591AD5B80B00F3C267 /* Resources */,
			);
			buildRules = (
			);
			dependencies = (
				B500A15E1AD5B80B00F3C267 /* PBXTargetDependency */,
				B500A1931AD5B84300F3C267 /* PBXTargetDependency */,
			);
			name = RRBTransferManagerTests;
			productName = RRBTransferManagerTests;
			productReference = B500A15B1AD5B80B00F3C267 /* RRBTransferManagerTests.xctest */;
			productType = "com.apple.product-type.bundle.unit-test";
		};
		B500A16F1AD5B83A00F3C267 /* Test iOS App */ = {
			isa = PBXNativeTarget;
			buildConfigurationList = B500A18C1AD5B83A00F3C267 /* Build configuration list for PBXNativeTarget "Test iOS App" */;
			buildPhases = (
				B500A16C1AD5B83A00F3C267 /* Sources */,
				B500A16D1AD5B83A00F3C267 /* Frameworks */,
				B500A16E1AD5B83A00F3C267 /* Resources */,
				B500A1AB1AD5BA9A00F3C267 /* CopyFiles */,
			);
			buildRules = (
			);
			dependencies = (
				B500A1A91AD5BA8C00F3C267 /* PBXTargetDependency */,
			);
			name = "Test iOS App";
			productName = "Test iOS App";
			productReference = B500A1701AD5B83A00F3C267 /* Test iOS App.app */;
			productType = "com.apple.product-type.application";
		};
/* End PBXNativeTarget section */

/* Begin PBXProject section */
		B500A1471AD5B80A00F3C267 /* Project object */ = {
			isa = PBXProject;
			attributes = {
				LastUpgradeCheck = 0620;
				ORGANIZATIONNAME = "Rune Botten";
				TargetAttributes = {
					B500A14F1AD5B80A00F3C267 = {
						CreatedOnToolsVersion = 6.2;
					};
					B500A15A1AD5B80B00F3C267 = {
						CreatedOnToolsVersion = 6.2;
						TestTargetID = B500A16F1AD5B83A00F3C267;
					};
					B500A16F1AD5B83A00F3C267 = {
						CreatedOnToolsVersion = 6.2;
					};
				};
			};
			buildConfigurationList = B500A14A1AD5B80A00F3C267 /* Build configuration list for PBXProject "RRBTransferManager" */;
			compatibilityVersion = "Xcode 3.2";
			developmentRegion = English;
			hasScannedForEncodings = 0;
			knownRegions = (
				en,
				Base,
			);
			mainGroup = B500A1461AD5B80A00F3C267;
			productRefGroup = B500A1511AD5B80A00F3C267 /* Products */;
			projectDirPath = "";
			projectRoot = "";
			targets = (
				B500A14F1AD5B80A00F3C267 /* RRBTransferManager */,
				B500A15A1AD5B80B00F3C267 /* RRBTransferManagerTests */,
				B500A16F1AD5B83A00F3C267 /* Test iOS App */,
			);
		};
/* End PBXProject section */

/* Begin PBXResourcesBuildPhase section */
		B500A14E1AD5B80A00F3C267 /* Resources */ = {
			isa = PBXResourcesBuildPhase;
			buildActionMask = 2147483647;
			files = (
			);
			runOnlyForDeploymentPostprocessing = 0;
		};
		B500A1591AD5B80B00F3C267 /* Resources */ = {
			isa = PBXResourcesBuildPhase;
			buildActionMask = 2147483647;
			files = (
			);
			runOnlyForDeploymentPostprocessing = 0;
		};
		B500A16E1AD5B83A00F3C267 /* Resources */ = {
			isa = PBXResourcesBuildPhase;
			buildActionMask = 2147483647;
			files = (
				B500A17A1AD5B83A00F3C267 /* Main.storyboard in Resources */,
				B500A17F1AD5B83A00F3C267 /* LaunchScreen.xib in Resources */,
				B500A17C1AD5B83A00F3C267 /* Images.xcassets in Resources */,
			);
			runOnlyForDeploymentPostprocessing = 0;
		};
/* End PBXResourcesBuildPhase section */

/* Begin PBXSourcesBuildPhase section */
		B500A14B1AD5B80A00F3C267 /* Sources */ = {
			isa = PBXSourcesBuildPhase;
			buildActionMask = 2147483647;
			files = (
				B500A1A01AD5B94B00F3C267 /* TMDiskCache.m in Sources */,
				B500A1A61AD5B97000F3C267 /* RRBTransferManager.swift in Sources */,
				B500A1A31AD5B94B00F3C267 /* TMMemoryCache.m in Sources */,
				B500A19D1AD5B94B00F3C267 /* TMCache.m in Sources */,
			);
			runOnlyForDeploymentPostprocessing = 0;
		};
		B500A1571AD5B80B00F3C267 /* Sources */ = {
			isa = PBXSourcesBuildPhase;
			buildActionMask = 2147483647;
			files = (
				B500A1A71AD5B97000F3C267 /* RRBTransferManager.swift in Sources */,
				B500A1A41AD5B94B00F3C267 /* TMMemoryCache.m in Sources */,
				B500A1631AD5B80B00F3C267 /* RRBTransferManagerTests.swift in Sources */,
				B500A19E1AD5B94B00F3C267 /* TMCache.m in Sources */,
				B500A1A11AD5B94B00F3C267 /* TMDiskCache.m in Sources */,
			);
			runOnlyForDeploymentPostprocessing = 0;
		};
		B500A16C1AD5B83A00F3C267 /* Sources */ = {
			isa = PBXSourcesBuildPhase;
			buildActionMask = 2147483647;
			files = (
				B500A1771AD5B83A00F3C267 /* ViewController.swift in Sources */,
				B500A1751AD5B83A00F3C267 /* AppDelegate.swift in Sources */,
			);
			runOnlyForDeploymentPostprocessing = 0;
		};
/* End PBXSourcesBuildPhase section */

/* Begin PBXTargetDependency section */
		B500A15E1AD5B80B00F3C267 /* PBXTargetDependency */ = {
			isa = PBXTargetDependency;
			target = B500A14F1AD5B80A00F3C267 /* RRBTransferManager */;
			targetProxy = B500A15D1AD5B80B00F3C267 /* PBXContainerItemProxy */;
		};
		B500A1931AD5B84300F3C267 /* PBXTargetDependency */ = {
			isa = PBXTargetDependency;
			target = B500A16F1AD5B83A00F3C267 /* Test iOS App */;
			targetProxy = B500A1921AD5B84300F3C267 /* PBXContainerItemProxy */;
		};
		B500A1A91AD5BA8C00F3C267 /* PBXTargetDependency */ = {
			isa = PBXTargetDependency;
			target = B500A14F1AD5B80A00F3C267 /* RRBTransferManager */;
			targetProxy = B500A1A81AD5BA8C00F3C267 /* PBXContainerItemProxy */;
		};
/* End PBXTargetDependency section */

/* Begin PBXVariantGroup section */
		B500A1781AD5B83A00F3C267 /* Main.storyboard */ = {
			isa = PBXVariantGroup;
			children = (
				B500A1791AD5B83A00F3C267 /* Base */,
			);
			name = Main.storyboard;
			sourceTree = "<group>";
		};
		B500A17D1AD5B83A00F3C267 /* LaunchScreen.xib */ = {
			isa = PBXVariantGroup;
			children = (
				B500A17E1AD5B83A00F3C267 /* Base */,
			);
			name = LaunchScreen.xib;
			sourceTree = "<group>";
		};
/* End PBXVariantGroup section */

/* Begin XCBuildConfiguration section */
		B500A1641AD5B80B00F3C267 /* Debug */ = {
			isa = XCBuildConfiguration;
			buildSettings = {
				ALWAYS_SEARCH_USER_PATHS = NO;
				CLANG_CXX_LANGUAGE_STANDARD = "gnu++0x";
				CLANG_CXX_LIBRARY = "libc++";
				CLANG_ENABLE_MODULES = YES;
				CLANG_ENABLE_OBJC_ARC = YES;
				CLANG_WARN_BOOL_CONVERSION = YES;
				CLANG_WARN_CONSTANT_CONVERSION = YES;
				CLANG_WARN_DIRECT_OBJC_ISA_USAGE = YES_ERROR;
				CLANG_WARN_EMPTY_BODY = YES;
				CLANG_WARN_ENUM_CONVERSION = YES;
				CLANG_WARN_INT_CONVERSION = YES;
				CLANG_WARN_OBJC_ROOT_CLASS = YES_ERROR;
				CLANG_WARN_UNREACHABLE_CODE = YES;
				CLANG_WARN__DUPLICATE_METHOD_MATCH = YES;
				"CODE_SIGN_IDENTITY[sdk=iphoneos*]" = "iPhone Developer";
				COPY_PHASE_STRIP = NO;
				CURRENT_PROJECT_VERSION = 1;
				ENABLE_STRICT_OBJC_MSGSEND = YES;
				GCC_C_LANGUAGE_STANDARD = gnu99;
				GCC_DYNAMIC_NO_PIC = NO;
				GCC_OPTIMIZATION_LEVEL = 0;
				GCC_PREPROCESSOR_DEFINITIONS = (
					"DEBUG=1",
					"$(inherited)",
				);
				GCC_SYMBOLS_PRIVATE_EXTERN = NO;
				GCC_WARN_64_TO_32_BIT_CONVERSION = YES;
				GCC_WARN_ABOUT_RETURN_TYPE = YES_ERROR;
				GCC_WARN_UNDECLARED_SELECTOR = YES;
				GCC_WARN_UNINITIALIZED_AUTOS = YES_AGGRESSIVE;
				GCC_WARN_UNUSED_FUNCTION = YES;
				GCC_WARN_UNUSED_VARIABLE = YES;
				IPHONEOS_DEPLOYMENT_TARGET = 8.2;
				MTL_ENABLE_DEBUG_INFO = YES;
				ONLY_ACTIVE_ARCH = YES;
				SDKROOT = iphoneos;
				SWIFT_OPTIMIZATION_LEVEL = "-Onone";
				TARGETED_DEVICE_FAMILY = "1,2";
				VERSIONING_SYSTEM = "apple-generic";
				VERSION_INFO_PREFIX = "";
			};
			name = Debug;
		};
		B500A1651AD5B80B00F3C267 /* Release */ = {
			isa = XCBuildConfiguration;
			buildSettings = {
				ALWAYS_SEARCH_USER_PATHS = NO;
				CLANG_CXX_LANGUAGE_STANDARD = "gnu++0x";
				CLANG_CXX_LIBRARY = "libc++";
				CLANG_ENABLE_MODULES = YES;
				CLANG_ENABLE_OBJC_ARC = YES;
				CLANG_WARN_BOOL_CONVERSION = YES;
				CLANG_WARN_CONSTANT_CONVERSION = YES;
				CLANG_WARN_DIRECT_OBJC_ISA_USAGE = YES_ERROR;
				CLANG_WARN_EMPTY_BODY = YES;
				CLANG_WARN_ENUM_CONVERSION = YES;
				CLANG_WARN_INT_CONVERSION = YES;
				CLANG_WARN_OBJC_ROOT_CLASS = YES_ERROR;
				CLANG_WARN_UNREACHABLE_CODE = YES;
				CLANG_WARN__DUPLICATE_METHOD_MATCH = YES;
				"CODE_SIGN_IDENTITY[sdk=iphoneos*]" = "iPhone Developer";
				COPY_PHASE_STRIP = NO;
				CURRENT_PROJECT_VERSION = 1;
				ENABLE_NS_ASSERTIONS = NO;
				ENABLE_STRICT_OBJC_MSGSEND = YES;
				GCC_C_LANGUAGE_STANDARD = gnu99;
				GCC_WARN_64_TO_32_BIT_CONVERSION = YES;
				GCC_WARN_ABOUT_RETURN_TYPE = YES_ERROR;
				GCC_WARN_UNDECLARED_SELECTOR = YES;
				GCC_WARN_UNINITIALIZED_AUTOS = YES_AGGRESSIVE;
				GCC_WARN_UNUSED_FUNCTION = YES;
				GCC_WARN_UNUSED_VARIABLE = YES;
				IPHONEOS_DEPLOYMENT_TARGET = 8.2;
				MTL_ENABLE_DEBUG_INFO = NO;
				SDKROOT = iphoneos;
				TARGETED_DEVICE_FAMILY = "1,2";
				VALIDATE_PRODUCT = YES;
				VERSIONING_SYSTEM = "apple-generic";
				VERSION_INFO_PREFIX = "";
			};
			name = Release;
		};
		B500A1671AD5B80B00F3C267 /* Debug */ = {
			isa = XCBuildConfiguration;
			buildSettings = {
				CLANG_ENABLE_MODULES = YES;
				DEFINES_MODULE = YES;
				DYLIB_COMPATIBILITY_VERSION = 1;
				DYLIB_CURRENT_VERSION = 1;
				DYLIB_INSTALL_NAME_BASE = "@rpath";
				INFOPLIST_FILE = RRBTransferManager/Info.plist;
				INSTALL_PATH = "$(LOCAL_LIBRARY_DIR)/Frameworks";
				LD_RUNPATH_SEARCH_PATHS = "$(inherited) @executable_path/Frameworks @loader_path/Frameworks";
				PRODUCT_NAME = "$(TARGET_NAME)";
				SKIP_INSTALL = YES;
				SWIFT_OPTIMIZATION_LEVEL = "-Onone";
			};
			name = Debug;
		};
		B500A1681AD5B80B00F3C267 /* Release */ = {
			isa = XCBuildConfiguration;
			buildSettings = {
				CLANG_ENABLE_MODULES = YES;
				DEFINES_MODULE = YES;
				DYLIB_COMPATIBILITY_VERSION = 1;
				DYLIB_CURRENT_VERSION = 1;
				DYLIB_INSTALL_NAME_BASE = "@rpath";
				INFOPLIST_FILE = RRBTransferManager/Info.plist;
				INSTALL_PATH = "$(LOCAL_LIBRARY_DIR)/Frameworks";
				LD_RUNPATH_SEARCH_PATHS = "$(inherited) @executable_path/Frameworks @loader_path/Frameworks";
				PRODUCT_NAME = "$(TARGET_NAME)";
				SKIP_INSTALL = YES;
			};
			name = Release;
		};
		B500A16A1AD5B80B00F3C267 /* Debug */ = {
			isa = XCBuildConfiguration;
			buildSettings = {
				BUNDLE_LOADER = "$(TEST_HOST)";
				FRAMEWORK_SEARCH_PATHS = (
					"$(SDKROOT)/Developer/Library/Frameworks",
					"$(inherited)",
				);
				GCC_PREPROCESSOR_DEFINITIONS = (
					"DEBUG=1",
					"$(inherited)",
				);
				INFOPLIST_FILE = RRBTransferManagerTests/Info.plist;
				LD_RUNPATH_SEARCH_PATHS = "$(inherited) @executable_path/Frameworks @loader_path/Frameworks";
				PRODUCT_NAME = "$(TARGET_NAME)";
				TEST_HOST = "$(BUILT_PRODUCTS_DIR)/Test iOS App.app/Test iOS App";
			};
			name = Debug;
		};
		B500A16B1AD5B80B00F3C267 /* Release */ = {
			isa = XCBuildConfiguration;
			buildSettings = {
				BUNDLE_LOADER = "$(TEST_HOST)";
				FRAMEWORK_SEARCH_PATHS = (
					"$(SDKROOT)/Developer/Library/Frameworks",
					"$(inherited)",
				);
				INFOPLIST_FILE = RRBTransferManagerTests/Info.plist;
				LD_RUNPATH_SEARCH_PATHS = "$(inherited) @executable_path/Frameworks @loader_path/Frameworks";
				PRODUCT_NAME = "$(TARGET_NAME)";
				TEST_HOST = "$(BUILT_PRODUCTS_DIR)/Test iOS App.app/Test iOS App";
			};
			name = Release;
		};
		B500A18D1AD5B83A00F3C267 /* Debug */ = {
			isa = XCBuildConfiguration;
			buildSettings = {
				ASSETCATALOG_COMPILER_APPICON_NAME = AppIcon;
				GCC_PREPROCESSOR_DEFINITIONS = (
					"DEBUG=1",
					"$(inherited)",
				);
				INFOPLIST_FILE = "Test iOS App/Info.plist";
				LD_RUNPATH_SEARCH_PATHS = "$(inherited) @executable_path/Frameworks";
				PRODUCT_NAME = "$(TARGET_NAME)";
			};
			name = Debug;
		};
		B500A18E1AD5B83A00F3C267 /* Release */ = {
			isa = XCBuildConfiguration;
			buildSettings = {
				ASSETCATALOG_COMPILER_APPICON_NAME = AppIcon;
				INFOPLIST_FILE = "Test iOS App/Info.plist";
				LD_RUNPATH_SEARCH_PATHS = "$(inherited) @executable_path/Frameworks";
				PRODUCT_NAME = "$(TARGET_NAME)";
			};
			name = Release;
		};
/* End XCBuildConfiguration section */

/* Begin XCConfigurationList section */
		B500A14A1AD5B80A00F3C267 /* Build configuration list for PBXProject "RRBTransferManager" */ = {
			isa = XCConfigurationList;
			buildConfigurations = (
				B500A1641AD5B80B00F3C267 /* Debug */,
				B500A1651AD5B80B00F3C267 /* Release */,
			);
			defaultConfigurationIsVisible = 0;
			defaultConfigurationName = Release;
		};
		B500A1661AD5B80B00F3C267 /* Build configuration list for PBXNativeTarget "RRBTransferManager" */ = {
			isa = XCConfigurationList;
			buildConfigurations = (
				B500A1671AD5B80B00F3C267 /* Debug */,
				B500A1681AD5B80B00F3C267 /* Release */,
			);
			defaultConfigurationIsVisible = 0;
		};
		B500A1691AD5B80B00F3C267 /* Build configuration list for PBXNativeTarget "RRBTransferManagerTests" */ = {
			isa = XCConfigurationList;
			buildConfigurations = (
				B500A16A1AD5B80B00F3C267 /* Debug */,
				B500A16B1AD5B80B00F3C267 /* Release */,
			);
			defaultConfigurationIsVisible = 0;
		};
		B500A18C1AD5B83A00F3C267 /* Build configuration list for PBXNativeTarget "Test iOS App" */ = {
			isa = XCConfigurationList;
			buildConfigurations = (
				B500A18D1AD5B83A00F3C267 /* Debug */,
				B500A18E1AD5B83A00F3C267 /* Release */,
			);
			defaultConfigurationIsVisible = 0;
		};
/* End XCConfigurationList section */
	};
	rootObject = B500A1471AD5B80A00F3C267 /* Project object */;
}
